
Microsoft Visual Studio Solution File, Format Version 12.00
# Visual Studio Version 17
VisualStudioVersion = 17.7.34024.191
MinimumVisualStudioVersion = 10.0.40219.1
Project("{FAE04EC0-301F-11D3-BF4B-00C04F79EFBC}") = "Sidebar", "Sidebar\Sidebar.csproj", "{7CAA5D66-CCC6-432F-B902-A3EBBB65F65D}"
EndProject
Global
	GlobalSection(SolutionConfigurationPlatforms) = preSolution
		Debug|Any CPU = Debug|Any CPU
		Release|Any CPU = Release|Any CPU
	EndGlobalSection
	GlobalSection(ProjectConfigurationPlatforms) = postSolution
		{7CAA5D66-CCC6-432F-B902-A3EBBB65F65D}.Debug|Any CPU.ActiveCfg = Debug|Any CPU
		{7CAA5D66-CCC6-432F-B902-A3EBBB65F65D}.Debug|Any CPU.Build.0 = Debug|Any CPU
		{7CAA5D66-CCC6-432F-B902-A3EBBB65F65D}.Release|Any CPU.ActiveCfg = Release|Any CPU
		{7CAA5D66-CCC6-432F-B902-A3EBBB65F65D}.Release|Any CPU.Build.0 = Release|Any CPU
	EndGlobalSection
	GlobalSection(SolutionProperties) = preSolution
		HideSolutionNode = FALSE
	EndGlobalSection
	GlobalSection(ExtensibilityGlobals) = postSolution
		SolutionGuid = {8FA0F77F-EF2E-4611-AE42-DACF34371C70}
	EndGlobalSection
EndGlobal
